{
  "name": "backend",
  "version": "1.0.0",
  "lockfileVersion": 3,
  "requires": true,
  "packages": {
    "": {
      "name": "backend",
      "version": "1.0.0",
      "license": "ISC",
      "dependencies": {
        "content-disposition": "^1.0.1",
        "nswag": "^14.6.3"
      }
    },
    "node_modules/content-disposition": {
      "version": "1.0.1",
      "resolved": "https://registry.npmjs.org/content-disposition/-/content-disposition-1.0.1.tgz",
      "integrity": "sha512-oIXISMynqSqm241k6kcQ5UwttDILMK4BiurCfGEREw6+X9jkkpEe5T9FZaApyLGGOnFuyMWZpdolTXMtvEJ08Q==",
      "license": "MIT",
      "engines": {
        "node": ">=18"
      },
      "funding": {
        "type": "opencollective",
        "url": "https://opencollective.com/express"
      }
    },
    "node_modules/nswag": {
      "version": "14.6.3",
      "resolved": "https://registry.npmjs.org/nswag/-/nswag-14.6.3.tgz",
      "integrity": "sha512-OyZFPTArCjcDGDqt74izm9XvEQ2xnSVynsEXdSWd7YFVMuhkfZ/mzVq5JTeBrDmUMDFfMe3uzqAGTf7GG8iHLQ==",
      "license": "MIT",
      "bin": {
        "nswag": "bin/nswag.js"
      },
      "engines": {
        "npm": ">=3.10.8"
      }
    }
  }
}
