{
  "name": "backend",
  "version": "1.0.0",
  "lockfileVersion": 3,
  "requires": true,
  "packages": {
    "": {
      "name": "backend",
      "version": "1.0.0",
      "license": "ISC",
      "dependencies": {
        "nswag": "^14.6.2"
      }
    },
    "node_modules/nswag": {
      "version": "14.6.2",
      "resolved": "https://registry.npmjs.org/nswag/-/nswag-14.6.2.tgz",
      "integrity": "sha512-Or0JeJ1C+VtAmkalWF+auWtXtUQuwWcgnS5FxnaHO6QOgdHDJ+qn5//stHP/2iP7a5jS/12tLkRQ4ShVyClfrA==",
      "license": "MIT",
      "bin": {
        "nswag": "bin/nswag.js"
      },
      "engines": {
        "npm": ">=3.10.8"
      }
    }
  }
}
